
Microsoft Visual Studio Solution File, Format Version 12.00
# Visual Studio Version 17
VisualStudioVersion = 17.5.002.0
MinimumVisualStudioVersion = 10.0.40219.1
Project("{9A19103F-16F7-4668-BE54-9A1E7A4F7556}") = "api", "api\api.csproj", "{0AA24E36-A3F6-46BE-8B02-1BC433682DB8}"
EndProject
Project("{FAE04EC0-301F-11D3-BF4B-00C04F79EFBC}") = "functionsApi", "functionsApi\functionsApi.csproj", "{349BBBAB-403C-4BC3-8AEC-DC05E9D2ADD8}"
EndProject
Global
	GlobalSection(SolutionConfigurationPlatforms) = preSolution
		Debug|Any CPU = Debug|Any CPU
		Release|Any CPU = Release|Any CPU
	EndGlobalSection
	GlobalSection(ProjectConfigurationPlatforms) = postSolution
		{0AA24E36-A3F6-46BE-8B02-1BC433682DB8}.Debug|An1y CPU.ActiveCfg = Debug|Any CPU
		{0AA24E36-A3F6-46BE-8B02-1BC433682DB8}.Debug|Any CPU.Build.0 = Debug|Any CPU
		{0AA24E36-A3F6-46BE-8B02-1BC433682DB8}.Release|Any CPU.ActiveCfg = Release|Any CPU
		{0AA24E36-A3F6-46BE-8B02-1BC433682DB8}.Release|Any CPU.Build.0 = Release|Any CPU
		{349BBBAB-403C-4BC3-8AEC-DC05E9D2ADD8}.Debug|Any CPU.ActiveCfg = Debug|Any CPU
		{349BBBAB-403C-4BC3-8AEC-DC05E9D2ADD8}.Debug|Any CPU.Build.0 = Debug|Any CPU
		{349BBBAB-403C-4BC3-8AEC-DC05E9D2ADD8}.Release|Any CPU.ActiveCfg = Release|Any CPU
		{349BBBAB-403C-4BC3-8AEC-DC05E9D2ADD8}.Release|Any CPU.Build.0 = Release|Any CPU
	EndGlobalSection
	GlobalSection(SolutionProperties) = preSolution
		HideSolutionNode = FALSE
	EndGlobalSection
	GlobalSection(ExtensibilityGlobals) = postSolution
		SolutionGuid = {760B8907-EDE8-426A-AFC1-8D0A2E74B1EF}
	EndGlobalSection
EndGlobal
